
Microsoft Visual Studio Solution File, Format Version 12.00
# Visual Studio Version 16
VisualStudioVersion = 16.0.30907.101
MinimumVisualStudioVersion = 10.0.40219.1
Project("{FAE04EC0-301F-11D3-BF4B-00C04F79EFBC}") = "AutoApi", "AutoApi\AutoApi.csproj", "{216F47DB-2428-425B-93A6-5116353F1D68}"
EndProject
Project("{FAE04EC0-301F-11D3-BF4B-00C04F79EFBC}") = "AutoApi.Demo", "AutoApi.Demo\AutoApi.Demo.csproj", "{E5E93B62-29EE-43BC-84AF-95CAC8D1B9FE}"
EndProject
Global
	GlobalSection(SolutionConfigurationPlatforms) = preSolution
		Debug|Any CPU = Debug|Any CPU
		Release|Any CPU = Release|Any CPU
	EndGlobalSection
	GlobalSection(ProjectConfigurationPlatforms) = postSolution
		{216F47DB-2428-425B-93A6-5116353F1D68}.Debug|Any CPU.ActiveCfg = Debug|Any CPU
		{216F47DB-2428-425B-93A6-5116353F1D68}.Debug|Any CPU.Build.0 = Debug|Any CPU
		{216F47DB-2428-425B-93A6-5116353F1D68}.Release|Any CPU.ActiveCfg = Release|Any CPU
		{216F47DB-2428-425B-93A6-5116353F1D68}.Release|Any CPU.Build.0 = Release|Any CPU
		{E5E93B62-29EE-43BC-84AF-95CAC8D1B9FE}.Debug|Any CPU.ActiveCfg = Debug|Any CPU
		{E5E93B62-29EE-43BC-84AF-95CAC8D1B9FE}.Debug|Any CPU.Build.0 = Debug|Any CPU
		{E5E93B62-29EE-43BC-84AF-95CAC8D1B9FE}.Release|Any CPU.ActiveCfg = Release|Any CPU
		{E5E93B62-29EE-43BC-84AF-95CAC8D1B9FE}.Release|Any CPU.Build.0 = Release|Any CPU
	EndGlobalSection
	GlobalSection(SolutionProperties) = preSolution
		HideSolutionNode = FALSE
	EndGlobalSection
	GlobalSection(ExtensibilityGlobals) = postSolution
		SolutionGuid = {0A60F63A-DF74-4E04-A476-D12C8FFDD17A}
	EndGlobalSection
EndGlobal
