
Microsoft Visual Studio Solution File, Format Version 12.00
# Visual Studio Version 17
VisualStudioVersion = 17.0.31903.59
MinimumVisualStudioVersion = 10.0.40219.1
Project("{9A19103F-16F7-4668-BE54-9A1E7A4F7556}") = "MicroApi.Core", "MicroApi.Core\MicroApi.Core.csproj", "{216F47DB-2428-425B-93A6-5116353F1D68}"
EndProject
Project("{9A19103F-16F7-4668-BE54-9A1E7A4F7556}") = "MicroApi.Demo", "MicroApi.Demo\MicroApi.Demo.csproj", "{E5E93B62-29EE-43BC-84AF-95CAC8D1B9FE}"
EndProject
Project("{9A19103F-16F7-4668-BE54-9A1E7A4F7556}") = "MicroApi.SqlServer", "MicroApi.SqlServer\MicroApi.SqlServer.csproj", "{DB2E8580-34C7-4AA0-B4A1-408EAA76D95A}"
EndProject
Project("{9A19103F-16F7-4668-BE54-9A1E7A4F7556}") = "MicroApi.Firebird", "MicroApi.Firebird\MicroApi.Firebird.csproj", "{76202146-50A8-4774-8314-0AECBE571243}"
EndProject
Project("{9A19103F-16F7-4668-BE54-9A1E7A4F7556}") = "MicroApi.Sqlite", "MicroApi.Sqlite\MicroApi.Sqlite.csproj", "{984B72FA-EE67-46E8-81EA-D851F375B2DA}"
EndProject
Project("{9A19103F-16F7-4668-BE54-9A1E7A4F7556}") = "MicroApi.MySql", "MicroApi.MySql\MicroApi.MySql.csproj", "{57CB4D40-C225-41F4-9D98-A36F9199208B}"
EndProject
Project("{9A19103F-16F7-4668-BE54-9A1E7A4F7556}") = "MicroApi.Oracle", "MicroApi.Oracle\MicroApi.Oracle.csproj", "{3030A02F-9817-40DD-BD3F-BDB8E0113D55}"
EndProject
Project("{9A19103F-16F7-4668-BE54-9A1E7A4F7556}") = "MicroApi.PostgreSQL", "MicroApi.PostgreSQL\MicroApi.PostgreSQL.csproj", "{4FE4F85D-5EB7-4A24-9946-8F4A0A1F6B50}"
EndProject
Project("{FAE04EC0-301F-11D3-BF4B-00C04F79EFBC}") = "MicroApi.Authorization", "MicroApi.Authorization\MicroApi.Authorization.csproj", "{0C9C9B6A-1B47-46E9-9D85-2F5C9B4D1358}"
EndProject
Global
	GlobalSection(SolutionConfigurationPlatforms) = preSolution
		Debug|Any CPU = Debug|Any CPU
		Release|Any CPU = Release|Any CPU
	EndGlobalSection
	GlobalSection(ProjectConfigurationPlatforms) = postSolution
		{216F47DB-2428-425B-93A6-5116353F1D68}.Debug|Any CPU.ActiveCfg = Debug|Any CPU
		{216F47DB-2428-425B-93A6-5116353F1D68}.Debug|Any CPU.Build.0 = Debug|Any CPU
		{216F47DB-2428-425B-93A6-5116353F1D68}.Release|Any CPU.ActiveCfg = Release|Any CPU
		{216F47DB-2428-425B-93A6-5116353F1D68}.Release|Any CPU.Build.0 = Release|Any CPU
		{E5E93B62-29EE-43BC-84AF-95CAC8D1B9FE}.Debug|Any CPU.ActiveCfg = Debug|Any CPU
		{E5E93B62-29EE-43BC-84AF-95CAC8D1B9FE}.Debug|Any CPU.Build.0 = Debug|Any CPU
		{E5E93B62-29EE-43BC-84AF-95CAC8D1B9FE}.Release|Any CPU.ActiveCfg = Release|Any CPU
		{E5E93B62-29EE-43BC-84AF-95CAC8D1B9FE}.Release|Any CPU.Build.0 = Release|Any CPU
		{DB2E8580-34C7-4AA0-B4A1-408EAA76D95A}.Debug|Any CPU.ActiveCfg = Debug|Any CPU
		{DB2E8580-34C7-4AA0-B4A1-408EAA76D95A}.Debug|Any CPU.Build.0 = Debug|Any CPU
		{DB2E8580-34C7-4AA0-B4A1-408EAA76D95A}.Release|Any CPU.ActiveCfg = Release|Any CPU
		{DB2E8580-34C7-4AA0-B4A1-408EAA76D95A}.Release|Any CPU.Build.0 = Release|Any CPU
		{76202146-50A8-4774-8314-0AECBE571243}.Debug|Any CPU.ActiveCfg = Debug|Any CPU
		{76202146-50A8-4774-8314-0AECBE571243}.Debug|Any CPU.Build.0 = Debug|Any CPU
		{76202146-50A8-4774-8314-0AECBE571243}.Release|Any CPU.ActiveCfg = Release|Any CPU
		{76202146-50A8-4774-8314-0AECBE571243}.Release|Any CPU.Build.0 = Release|Any CPU
		{984B72FA-EE67-46E8-81EA-D851F375B2DA}.Debug|Any CPU.ActiveCfg = Debug|Any CPU
		{984B72FA-EE67-46E8-81EA-D851F375B2DA}.Debug|Any CPU.Build.0 = Debug|Any CPU
		{984B72FA-EE67-46E8-81EA-D851F375B2DA}.Release|Any CPU.ActiveCfg = Release|Any CPU
		{984B72FA-EE67-46E8-81EA-D851F375B2DA}.Release|Any CPU.Build.0 = Release|Any CPU
		{57CB4D40-C225-41F4-9D98-A36F9199208B}.Debug|Any CPU.ActiveCfg = Debug|Any CPU
		{57CB4D40-C225-41F4-9D98-A36F9199208B}.Debug|Any CPU.Build.0 = Debug|Any CPU
		{57CB4D40-C225-41F4-9D98-A36F9199208B}.Release|Any CPU.ActiveCfg = Release|Any CPU
		{57CB4D40-C225-41F4-9D98-A36F9199208B}.Release|Any CPU.Build.0 = Release|Any CPU
		{3030A02F-9817-40DD-BD3F-BDB8E0113D55}.Debug|Any CPU.ActiveCfg = Debug|Any CPU
		{3030A02F-9817-40DD-BD3F-BDB8E0113D55}.Debug|Any CPU.Build.0 = Debug|Any CPU
		{3030A02F-9817-40DD-BD3F-BDB8E0113D55}.Release|Any CPU.ActiveCfg = Release|Any CPU
		{3030A02F-9817-40DD-BD3F-BDB8E0113D55}.Release|Any CPU.Build.0 = Release|Any CPU
		{4FE4F85D-5EB7-4A24-9946-8F4A0A1F6B50}.Debug|Any CPU.ActiveCfg = Debug|Any CPU
		{4FE4F85D-5EB7-4A24-9946-8F4A0A1F6B50}.Debug|Any CPU.Build.0 = Debug|Any CPU
		{4FE4F85D-5EB7-4A24-9946-8F4A0A1F6B50}.Release|Any CPU.ActiveCfg = Release|Any CPU
		{4FE4F85D-5EB7-4A24-9946-8F4A0A1F6B50}.Release|Any CPU.Build.0 = Release|Any CPU
		{0C9C9B6A-1B47-46E9-9D85-2F5C9B4D1358}.Debug|Any CPU.ActiveCfg = Debug|Any CPU
		{0C9C9B6A-1B47-46E9-9D85-2F5C9B4D1358}.Debug|Any CPU.Build.0 = Debug|Any CPU
		{0C9C9B6A-1B47-46E9-9D85-2F5C9B4D1358}.Release|Any CPU.ActiveCfg = Release|Any CPU
		{0C9C9B6A-1B47-46E9-9D85-2F5C9B4D1358}.Release|Any CPU.Build.0 = Release|Any CPU
	EndGlobalSection
	GlobalSection(SolutionProperties) = preSolution
		HideSolutionNode = FALSE
	EndGlobalSection
	GlobalSection(ExtensibilityGlobals) = postSolution
		SolutionGuid = {0A60F63A-DF74-4E04-A476-D12C8FFDD17A}
	EndGlobalSection
EndGlobal
